- symbol: 0
  hash: e14c5d6b394dab6265de0d5a560f0a0e82f4f519
  signature: Vf+L/+z/g//s/wz/i/9N/wj/i/9F/xD/U/9W/1f/i/99/wz/i//X/43/cP8X/yv/Uf8M/4v/Qf8Q/4P/5v/w/8H/6v8P/4v/yv9p/8n/BP8C/wD/AP+N/4z/Af9E/wH/AP8A/4n/Tf/0/4v/T//8/0n/O//x/4n/Tf8Q/4v/XP85//z/jf98/zn//P+J/13//P8P/47/X/8B/wD/AP/2/8P/Af8P/4X/T/8B/wD/AP8D/9n/O//z/w//j/9F/wH/AP8A/4v/Tf/8/8H/+f8E/0n/g//5/z//if9N//j/dv8G/2r/P/9Z/4n/Tf/4/4v/X/8E/zv/X/8I/3X/SP+D//n/IP9z/x//u/8A/wD/AP+A/9P/6/+L/03/+P+N/0z/Af8E//f/0/8h/1z/kP9E//7/Cf91/yv/i/9N/wj/If8Z/+v/JP+D/8H/4P+7/wD/AP8A/4D/0//r/4v/Tf/4/43/TP8B/wT/9//T/yH/nP+Q/8T/AP8A/wD//v8J/3X/Bv+L/03/CP8h/1n/BP+L/0//CP+L/1//BP+J/1n/BP+L/0//BP+L/3//CP+J/3n/CP+L/03/EP8r/87/Af9N//z/g/99//z/AP8P/47/qv8A/wD/AP+L/33//P+L/03/DP/B////BP9P/43/TP8x//z/g////z//dv8D/2r/P/9f/4v/Xf/0/43/HP/7/4n/Xf8Q/4v/W/8E/4n/Wf8E/4v/Xf8Q/4n/Wf8I/4n/S/8E/4v/Wf8E/4n/S/8I/4v/Wf8E/zv/Wf8I/3X/XP+K/0z/B/8E/4P///8g/4j/Tf8T//7/wf+I/0z/B/8E/3P/If+A/33/E/8A/3X/Dv+7/wD/AP8A/4D/i//P/9P/6/+L/03/CP8J/xn/jf9E/5D/RP+6/wD/AP8A/4D/i//P/+v/Jf+A/33/E/8A/3X/EP+N/0//4P+7/wD/AP8A/4D/0//r/4v/Tf8I/wn/Wf8E/43/hP+Q/8T/AP8A/wD/jf9P/+D/uv8A/wD/AP+A/9P/6v8J/xD/i/9V/wz/i/9N//z/jf9E/zL//P+J/wj/if9M/wH//P/r/wP/i/9V/wz/jf9G/wH/if9C//z/if9E/zL/+P/p/0f/Af8A/wD/M//A/+n/Q/8B/wD/AP8P/43/Ov8B/wD/AP+L/13/DP8p/3X/EP+N/07/Af+J/0v//P+N/1z/M//8/4v/df8Q/4n/Xf8M/8H//v8E/07/if9L//z/g//+/z//dv8D/2r/P/9e//b/Rf/8/wH/D/+F/4X/AP8A/wD/i/91//z/wf/+/wT/Tv+D//7/P/92/wP/av8//17/i/9P/wT/O/9P/wj/df9H/4P//v8g/3P/Hv+7/wD/AP8A/4D/i//O/9P/6/+N/3T/Bv8E//f/0/8h/1z/kP9E//7/Dv91/yj/i/9N/wj/If8Z/+v/If+N/07/4P+7/wD/AP8A/4D/0//r/43/TP8G/wT/9//T/yH/nP+Q/8T/AP8A/wD//v8J/3X/Bv+L/03/CP8h/1n/BP+L/13/DP+L/0//CP+L/3f/BP+J/3H/BP+L/0//BP+L/3f/CP+J/3H/CP+L/3X/EP8D/3X//P+J/3X/EP/B//7/BP9O/4P//v8//3b/A/9q/z//Xv+L/03/9P+L/3z/8f8E/43/DP/x/4n/e/8E/4n/S/8I/4n/Wf8E/4v/S/8E/4n/Wf8I/4v/S/8E/zv/S/8I/3X/XP+K/0z/Bv8E/4P//v8g/4j/Tf8P//7/wf+I/0z/Bv8E/3P/If+A/33/D/8A/3X/Dv+//wD/AP8A/4D/i//O/9P/7/+L/03/CP8J/zn/jf9E/5D/RP+6/wD/AP8A/4D/i//O/+v/Jf+A/33/D/8A/3X/EP+N/07/4P+//wD/AP8A/4D/0//v/4v/Tf8I/wn/ef8E/43/hP+Q/8T/AP8A/wD/jf9O/+D/uv8A/wD/AP+A/9P/6v8J/xD/i/9F/xD/if8D/4n/RP8Y//z/av8B/1j/X/9e/1v/yf/D/w==
  symbols:
  - kind: Function
    name: ___sbh_resize_block
    size: 758
    flags: 1
    section: .text
  relocations: []
